
Microsoft Visual Studio Solution File, Format Version 12.00
# Visual Studio Version 17
VisualStudioVersion = 17.12.35527.113
MinimumVisualStudioVersion = 10.0.40219.1
Project("{2150E333-8FDC-42A3-9474-1A3956D46DE8}") = "src", "src", "{16DB5867-7063-4FFB-B671-7807A96B110B}"
EndProject
Project("{FAE04EC0-301F-11D3-BF4B-00C04F79EFBC}") = "AssetManagement.Application", "src\AssetManagement.Application\AssetManagement.Application.csproj", "{7CB8E9AB-7811-4FFF-AB4E-D29D7F9FF946}"
EndProject
Project("{FAE04EC0-301F-11D3-BF4B-00C04F79EFBC}") = "AssetManagement.Domain", "src\AssetManagement.Domain\AssetManagement.Domain.csproj", "{83A5851C-266E-4F16-AF03-E7AE9B48F460}"
EndProject
Project("{FAE04EC0-301F-11D3-BF4B-00C04F79EFBC}") = "AssetManagement.Data", "src\AssetManagement.Data\AssetManagement.Data.csproj", "{D777D024-7224-44EC-A071-0B845D5C6BC3}"
EndProject
Project("{FAE04EC0-301F-11D3-BF4B-00C04F79EFBC}") = "AssetManagement.Contracts", "src\AssetManagement.Contracts\AssetManagement.Contracts.csproj", "{53F4B3FF-CEE5-4724-9753-02BCD7FD70CE}"
EndProject
Project("{2150E333-8FDC-42A3-9474-1A3956D46DE8}") = "tests", "tests", "{0AB3BF05-4346-4AA6-1389-037BE0695223}"
EndProject
Project("{FAE04EC0-301F-11D3-BF4B-00C04F79EFBC}") = "AssetManagement.Application.Tests", "tests\AssetManagement.Application.Tests\AssetManagement.Application.Tests.csproj", "{98F2540C-9A9B-4567-BE1E-A16D3D7EF36F}"
EndProject
Global
	GlobalSection(SolutionConfigurationPlatforms) = preSolution
		Debug|Any CPU = Debug|Any CPU
		Debug|x64 = Debug|x64
		Debug|x86 = Debug|x86
		Release|Any CPU = Release|Any CPU
		Release|x64 = Release|x64
		Release|x86 = Release|x86
	EndGlobalSection
	GlobalSection(ProjectConfigurationPlatforms) = postSolution
		{7CB8E9AB-7811-4FFF-AB4E-D29D7F9FF946}.Debug|Any CPU.ActiveCfg = Debug|Any CPU
		{7CB8E9AB-7811-4FFF-AB4E-D29D7F9FF946}.Debug|Any CPU.Build.0 = Debug|Any CPU
		{7CB8E9AB-7811-4FFF-AB4E-D29D7F9FF946}.Debug|x64.ActiveCfg = Debug|Any CPU
		{7CB8E9AB-7811-4FFF-AB4E-D29D7F9FF946}.Debug|x64.Build.0 = Debug|Any CPU
		{7CB8E9AB-7811-4FFF-AB4E-D29D7F9FF946}.Debug|x86.ActiveCfg = Debug|Any CPU
		{7CB8E9AB-7811-4FFF-AB4E-D29D7F9FF946}.Debug|x86.Build.0 = Debug|Any CPU
		{7CB8E9AB-7811-4FFF-AB4E-D29D7F9FF946}.Release|Any CPU.ActiveCfg = Release|Any CPU
		{7CB8E9AB-7811-4FFF-AB4E-D29D7F9FF946}.Release|Any CPU.Build.0 = Release|Any CPU
		{7CB8E9AB-7811-4FFF-AB4E-D29D7F9FF946}.Release|x64.ActiveCfg = Release|Any CPU
		{7CB8E9AB-7811-4FFF-AB4E-D29D7F9FF946}.Release|x64.Build.0 = Release|Any CPU
		{7CB8E9AB-7811-4FFF-AB4E-D29D7F9FF946}.Release|x86.ActiveCfg = Release|Any CPU
		{7CB8E9AB-7811-4FFF-AB4E-D29D7F9FF946}.Release|x86.Build.0 = Release|Any CPU
		{83A5851C-266E-4F16-AF03-E7AE9B48F460}.Debug|Any CPU.ActiveCfg = Debug|Any CPU
		{83A5851C-266E-4F16-AF03-E7AE9B48F460}.Debug|Any CPU.Build.0 = Debug|Any CPU
		{83A5851C-266E-4F16-AF03-E7AE9B48F460}.Debug|x64.ActiveCfg = Debug|Any CPU
		{83A5851C-266E-4F16-AF03-E7AE9B48F460}.Debug|x64.Build.0 = Debug|Any CPU
		{83A5851C-266E-4F16-AF03-E7AE9B48F460}.Debug|x86.ActiveCfg = Debug|Any CPU
		{83A5851C-266E-4F16-AF03-E7AE9B48F460}.Debug|x86.Build.0 = Debug|Any CPU
		{83A5851C-266E-4F16-AF03-E7AE9B48F460}.Release|Any CPU.ActiveCfg = Release|Any CPU
		{83A5851C-266E-4F16-AF03-E7AE9B48F460}.Release|Any CPU.Build.0 = Release|Any CPU
		{83A5851C-266E-4F16-AF03-E7AE9B48F460}.Release|x64.ActiveCfg = Release|Any CPU
		{83A5851C-266E-4F16-AF03-E7AE9B48F460}.Release|x64.Build.0 = Release|Any CPU
		{83A5851C-266E-4F16-AF03-E7AE9B48F460}.Release|x86.ActiveCfg = Release|Any CPU
		{83A5851C-266E-4F16-AF03-E7AE9B48F460}.Release|x86.Build.0 = Release|Any CPU
		{D777D024-7224-44EC-A071-0B845D5C6BC3}.Debug|Any CPU.ActiveCfg = Debug|Any CPU
		{D777D024-7224-44EC-A071-0B845D5C6BC3}.Debug|Any CPU.Build.0 = Debug|Any CPU
		{D777D024-7224-44EC-A071-0B845D5C6BC3}.Debug|x64.ActiveCfg = Debug|Any CPU
		{D777D024-7224-44EC-A071-0B845D5C6BC3}.Debug|x64.Build.0 = Debug|Any CPU
		{D777D024-7224-44EC-A071-0B845D5C6BC3}.Debug|x86.ActiveCfg = Debug|Any CPU
		{D777D024-7224-44EC-A071-0B845D5C6BC3}.Debug|x86.Build.0 = Debug|Any CPU
		{D777D024-7224-44EC-A071-0B845D5C6BC3}.Release|Any CPU.ActiveCfg = Release|Any CPU
		{D777D024-7224-44EC-A071-0B845D5C6BC3}.Release|Any CPU.Build.0 = Release|Any CPU
		{D777D024-7224-44EC-A071-0B845D5C6BC3}.Release|x64.ActiveCfg = Release|Any CPU
		{D777D024-7224-44EC-A071-0B845D5C6BC3}.Release|x64.Build.0 = Release|Any CPU
		{D777D024-7224-44EC-A071-0B845D5C6BC3}.Release|x86.ActiveCfg = Release|Any CPU
		{D777D024-7224-44EC-A071-0B845D5C6BC3}.Release|x86.Build.0 = Release|Any CPU
		{53F4B3FF-CEE5-4724-9753-02BCD7FD70CE}.Debug|Any CPU.ActiveCfg = Debug|Any CPU
		{53F4B3FF-CEE5-4724-9753-02BCD7FD70CE}.Debug|Any CPU.Build.0 = Debug|Any CPU
		{53F4B3FF-CEE5-4724-9753-02BCD7FD70CE}.Debug|x64.ActiveCfg = Debug|Any CPU
		{53F4B3FF-CEE5-4724-9753-02BCD7FD70CE}.Debug|x64.Build.0 = Debug|Any CPU
		{53F4B3FF-CEE5-4724-9753-02BCD7FD70CE}.Debug|x86.ActiveCfg = Debug|Any CPU
		{53F4B3FF-CEE5-4724-9753-02BCD7FD70CE}.Debug|x86.Build.0 = Debug|Any CPU
		{53F4B3FF-CEE5-4724-9753-02BCD7FD70CE}.Release|Any CPU.ActiveCfg = Release|Any CPU
		{53F4B3FF-CEE5-4724-9753-02BCD7FD70CE}.Release|Any CPU.Build.0 = Release|Any CPU
		{53F4B3FF-CEE5-4724-9753-02BCD7FD70CE}.Release|x64.ActiveCfg = Release|Any CPU
		{53F4B3FF-CEE5-4724-9753-02BCD7FD70CE}.Release|x64.Build.0 = Release|Any CPU
		{53F4B3FF-CEE5-4724-9753-02BCD7FD70CE}.Release|x86.ActiveCfg = Release|Any CPU
		{53F4B3FF-CEE5-4724-9753-02BCD7FD70CE}.Release|x86.Build.0 = Release|Any CPU
		{98F2540C-9A9B-4567-BE1E-A16D3D7EF36F}.Debug|Any CPU.ActiveCfg = Debug|Any CPU
		{98F2540C-9A9B-4567-BE1E-A16D3D7EF36F}.Debug|Any CPU.Build.0 = Debug|Any CPU
		{98F2540C-9A9B-4567-BE1E-A16D3D7EF36F}.Debug|x64.ActiveCfg = Debug|Any CPU
		{98F2540C-9A9B-4567-BE1E-A16D3D7EF36F}.Debug|x64.Build.0 = Debug|Any CPU
		{98F2540C-9A9B-4567-BE1E-A16D3D7EF36F}.Debug|x86.ActiveCfg = Debug|Any CPU
		{98F2540C-9A9B-4567-BE1E-A16D3D7EF36F}.Debug|x86.Build.0 = Debug|Any CPU
		{98F2540C-9A9B-4567-BE1E-A16D3D7EF36F}.Release|Any CPU.ActiveCfg = Release|Any CPU
		{98F2540C-9A9B-4567-BE1E-A16D3D7EF36F}.Release|Any CPU.Build.0 = Release|Any CPU
		{98F2540C-9A9B-4567-BE1E-A16D3D7EF36F}.Release|x64.ActiveCfg = Release|Any CPU
		{98F2540C-9A9B-4567-BE1E-A16D3D7EF36F}.Release|x64.Build.0 = Release|Any CPU
		{98F2540C-9A9B-4567-BE1E-A16D3D7EF36F}.Release|x86.ActiveCfg = Release|Any CPU
		{98F2540C-9A9B-4567-BE1E-A16D3D7EF36F}.Release|x86.Build.0 = Release|Any CPU
	EndGlobalSection
	GlobalSection(SolutionProperties) = preSolution
		HideSolutionNode = FALSE
	EndGlobalSection
	GlobalSection(NestedProjects) = preSolution
		{7CB8E9AB-7811-4FFF-AB4E-D29D7F9FF946} = {16DB5867-7063-4FFB-B671-7807A96B110B}
		{83A5851C-266E-4F16-AF03-E7AE9B48F460} = {16DB5867-7063-4FFB-B671-7807A96B110B}
		{D777D024-7224-44EC-A071-0B845D5C6BC3} = {16DB5867-7063-4FFB-B671-7807A96B110B}
		{53F4B3FF-CEE5-4724-9753-02BCD7FD70CE} = {16DB5867-7063-4FFB-B671-7807A96B110B}
		{98F2540C-9A9B-4567-BE1E-A16D3D7EF36F} = {0AB3BF05-4346-4AA6-1389-037BE0695223}
	EndGlobalSection
EndGlobal
